
Microsoft Visual Studio Solution File, Format Version 12.00
# Visual Studio Version 17
VisualStudioVersion = 17.8.34330.188
MinimumVisualStudioVersion = 10.0.40219.1
Project("{FAE04EC0-301F-11D3-BF4B-00C04F79EFBC}") = "FlowerShop_EFCore", "FlowerShop_EFCore.csproj", "{597469E1-245A-4866-B81C-FDA3FCBC6B95}"
EndProject
Global
	GlobalSection(SolutionConfigurationPlatforms) = preSolution
		Debug|Any CPU = Debug|Any CPU
		Release|Any CPU = Release|Any CPU
	EndGlobalSection
	GlobalSection(ProjectConfigurationPlatforms) = postSolution
		{597469E1-245A-4866-B81C-FDA3FCBC6B95}.Debug|Any CPU.ActiveCfg = Debug|Any CPU
		{597469E1-245A-4866-B81C-FDA3FCBC6B95}.Debug|Any CPU.Build.0 = Debug|Any CPU
		{597469E1-245A-4866-B81C-FDA3FCBC6B95}.Release|Any CPU.ActiveCfg = Release|Any CPU
		{597469E1-245A-4866-B81C-FDA3FCBC6B95}.Release|Any CPU.Build.0 = Release|Any CPU
	EndGlobalSection
	GlobalSection(SolutionProperties) = preSolution
		HideSolutionNode = FALSE
	EndGlobalSection
	GlobalSection(ExtensibilityGlobals) = postSolution
		SolutionGuid = {7D2FBCCC-0E09-4A53-9C66-2C83F3A58E3B}
	EndGlobalSection
EndGlobal
